
Microsoft Visual Studio Solution File, Format Version 12.00
# Visual Studio Version 16
VisualStudioVersion = 16.0.29102.190
MinimumVisualStudioVersion = 10.0.40219.1
Project("{FAE04EC0-301F-11D3-BF4B-00C04F79EFBC}") = "TextAnalyserFunction", "TextAnalyserFunction\TextAnalyserFunction.csproj", "{C774CE5C-F748-4A3A-9897-0D1EBF73C74C}"
EndProject
Global
	GlobalSection(SolutionConfigurationPlatforms) = preSolution
		Debug|Any CPU = Debug|Any CPU
		Release|Any CPU = Release|Any CPU
	EndGlobalSection
	GlobalSection(ProjectConfigurationPlatforms) = postSolution
		{C774CE5C-F748-4A3A-9897-0D1EBF73C74C}.Debug|Any CPU.ActiveCfg = Debug|Any CPU
		{C774CE5C-F748-4A3A-9897-0D1EBF73C74C}.Debug|Any CPU.Build.0 = Debug|Any CPU
		{C774CE5C-F748-4A3A-9897-0D1EBF73C74C}.Release|Any CPU.ActiveCfg = Release|Any CPU
		{C774CE5C-F748-4A3A-9897-0D1EBF73C74C}.Release|Any CPU.Build.0 = Release|Any CPU
	EndGlobalSection
	GlobalSection(SolutionProperties) = preSolution
		HideSolutionNode = FALSE
	EndGlobalSection
	GlobalSection(ExtensibilityGlobals) = postSolution
		SolutionGuid = {2611BC7B-52B4-4CA5-85D5-ADE4C0A8663E}
	EndGlobalSection
EndGlobal
